
Microsoft Visual Studio Solution File, Format Version 12.00
# Visual Studio Version 16
VisualStudioVersion = 16.0.29613.14
MinimumVisualStudioVersion = 10.0.40219.1
Project("{FAE04EC0-301F-11D3-BF4B-00C04F79EFBC}") = "Assigment2", "Assigment2\Assigment2.csproj", "{B904D0F6-1292-43AD-85F3-8BAD4E2CF0B8}"
EndProject
Global
	GlobalSection(SolutionConfigurationPlatforms) = preSolution
		Debug|Any CPU = Debug|Any CPU
		Release|Any CPU = Release|Any CPU
	EndGlobalSection
	GlobalSection(ProjectConfigurationPlatforms) = postSolution
		{B904D0F6-1292-43AD-85F3-8BAD4E2CF0B8}.Debug|Any CPU.ActiveCfg = Debug|Any CPU
		{B904D0F6-1292-43AD-85F3-8BAD4E2CF0B8}.Debug|Any CPU.Build.0 = Debug|Any CPU
		{B904D0F6-1292-43AD-85F3-8BAD4E2CF0B8}.Release|Any CPU.ActiveCfg = Release|Any CPU
		{B904D0F6-1292-43AD-85F3-8BAD4E2CF0B8}.Release|Any CPU.Build.0 = Release|Any CPU
	EndGlobalSection
	GlobalSection(SolutionProperties) = preSolution
		HideSolutionNode = FALSE
	EndGlobalSection
	GlobalSection(ExtensibilityGlobals) = postSolution
		SolutionGuid = {E7007696-4D03-437A-B011-BE7E1D58A9B8}
	EndGlobalSection
EndGlobal
